{
  "name": "ec-tour",
  "version": "1.0.7",
  "lockfileVersion": 1,
  "requires": true,
  "dependencies": {
    "ec-gallery-widgets": {
      "version": "1.0.1",
      "resolved": "https://registry.npmjs.org/ec-gallery-widgets/-/ec-gallery-widgets-1.0.1.tgz",
      "integrity": "sha512-tPAoCSFrz3rxOhXXFz0qxuGUlhPduXCF6gvJJETeXzMb3rkb1eMSGzc5SgvTucI8LkA6S70FUnAQ32AdmzZNFg==",
      "requires": {
        "slick-carousel": "^1.8.1"
      }
    },
    "slick-carousel": {
      "version": "1.8.1",
      "resolved": "https://registry.npmjs.org/slick-carousel/-/slick-carousel-1.8.1.tgz",
      "integrity": "sha512-XB9Ftrf2EEKfzoQXt3Nitrt/IPbT+f1fgqBdoxO3W/+JYvtEOW6EgxnWfr9GH6nmULv7Y2tPmEX3koxThVmebA=="
    }
  }
}
